
Microsoft Visual Studio Solution File, Format Version 12.00
# Visual Studio 15
Project("{FAE04EC0-301F-11D3-BF4B-00C04F79EFBC}") = "UnityEngine.TestRunner", "UnityEngine.TestRunner.csproj", "{BDEE7881-ABF6-634D-AA26-DF438019E575}"
EndProject
Project("{FAE04EC0-301F-11D3-BF4B-00C04F79EFBC}") = "Unity.Mathematics", "Unity.Mathematics.csproj", "{89E2AE7A-ED80-0791-6129-F83F6580DD31}"
EndProject
Project("{FAE04EC0-301F-11D3-BF4B-00C04F79EFBC}") = "Unity.Timeline", "Unity.Timeline.csproj", "{18DB3F53-8669-E144-4B82-C0B605EBD8A2}"
EndProject
Project("{FAE04EC0-301F-11D3-BF4B-00C04F79EFBC}") = "UnityEngine.UI", "UnityEngine.UI.csproj", "{07B77C35-F876-33AA-E0FC-A6814FC2F21E}"
EndProject
Project("{FAE04EC0-301F-11D3-BF4B-00C04F79EFBC}") = "Assembly-CSharp", "Assembly-CSharp.csproj", "{61A410D0-7BDE-D720-422E-1DA143D60BA5}"
EndProject
Project("{FAE04EC0-301F-11D3-BF4B-00C04F79EFBC}") = "Unity.TextMeshPro", "Unity.TextMeshPro.csproj", "{4012BAC1-9942-B76C-1A9E-7365F1F0F000}"
EndProject
Project("{FAE04EC0-301F-11D3-BF4B-00C04F79EFBC}") = "Unity.2D.Animation.Runtime", "Unity.2D.Animation.Runtime.csproj", "{E356C740-5E92-2677-3D43-BBCD39BFFB45}"
EndProject
Project("{FAE04EC0-301F-11D3-BF4B-00C04F79EFBC}") = "Unity.2D.IK.Runtime", "Unity.2D.IK.Runtime.csproj", "{BC9C3ED7-420D-F421-010D-72BEB8123DE8}"
EndProject
Project("{FAE04EC0-301F-11D3-BF4B-00C04F79EFBC}") = "Unity.2D.SpriteShape.Runtime", "Unity.2D.SpriteShape.Runtime.csproj", "{3887468E-667B-D25D-664B-5C462385AFC2}"
EndProject
Project("{FAE04EC0-301F-11D3-BF4B-00C04F79EFBC}") = "Unity.2D.PixelPerfect", "Unity.2D.PixelPerfect.csproj", "{C5DF7AA2-A3FB-981C-C506-526C02052208}"
EndProject
Project("{FAE04EC0-301F-11D3-BF4B-00C04F79EFBC}") = "Unity.2D.Common.Runtime", "Unity.2D.Common.Runtime.csproj", "{E5C2AE25-464D-D526-CA29-49C405D140CB}"
EndProject
Project("{FAE04EC0-301F-11D3-BF4B-00C04F79EFBC}") = "Unity.InternalAPIEngineBridge.001", "Unity.InternalAPIEngineBridge.001.csproj", "{14B6C331-B77E-1340-6B96-25A622C0FD45}"
EndProject
Project("{FAE04EC0-301F-11D3-BF4B-00C04F79EFBC}") = "UnityEditor.TestRunner", "UnityEditor.TestRunner.csproj", "{D56B0959-D0AD-7BFB-7D9F-E300349406DC}"
EndProject
Project("{FAE04EC0-301F-11D3-BF4B-00C04F79EFBC}") = "Unity.PlasticSCM.Editor", "Unity.PlasticSCM.Editor.csproj", "{365F98F8-E206-D70C-EA04-4996662F7F8E}"
EndProject
Project("{FAE04EC0-301F-11D3-BF4B-00C04F79EFBC}") = "Unity.2D.Animation.Triangle.Editor", "Unity.2D.Animation.Triangle.Editor.csproj", "{E64E3F92-4E4B-F743-35E7-7A6ABDF5A4F6}"
EndProject
Project("{FAE04EC0-301F-11D3-BF4B-00C04F79EFBC}") = "UnityEditor.UI", "UnityEditor.UI.csproj", "{EC36437D-5257-4B85-B9B9-C1CB1FF0E7A5}"
EndProject
Project("{FAE04EC0-301F-11D3-BF4B-00C04F79EFBC}") = "Unity.Services.Core.Editor", "Unity.Services.Core.Editor.csproj", "{73BCB1FE-3E7C-FA28-75CE-A44D2014F4DA}"
EndProject
Project("{FAE04EC0-301F-11D3-BF4B-00C04F79EFBC}") = "Unity.Timeline.Editor", "Unity.Timeline.Editor.csproj", "{A3F76743-2BA8-CB22-175E-3124208EFE7E}"
EndProject
Project("{FAE04EC0-301F-11D3-BF4B-00C04F79EFBC}") = "Unity.VisualStudio.Editor", "Unity.VisualStudio.Editor.csproj", "{0502E42E-DEA2-7D2B-56C2-7589CDDD3618}"
EndProject
Project("{FAE04EC0-301F-11D3-BF4B-00C04F79EFBC}") = "Unity.2D.Psdimporter.Editor", "Unity.2D.Psdimporter.Editor.csproj", "{6B04FB8F-75B5-F3DE-261B-47132B9D8DF9}"
EndProject
Project("{FAE04EC0-301F-11D3-BF4B-00C04F79EFBC}") = "Unity.2D.Animation.Editor", "Unity.2D.Animation.Editor.csproj", "{E7DD1525-38FF-93A0-5E32-6711EF63CDDC}"
EndProject
Project("{FAE04EC0-301F-11D3-BF4B-00C04F79EFBC}") = "Unity.TextMeshPro.Editor", "Unity.TextMeshPro.Editor.csproj", "{D9359801-6AF4-2E70-76A2-F2FB92054D54}"
EndProject
Project("{FAE04EC0-301F-11D3-BF4B-00C04F79EFBC}") = "Unity.2D.SpriteShape.Editor", "Unity.2D.SpriteShape.Editor.csproj", "{F8E1B9A4-868F-6FAD-959C-139AB299C0B2}"
EndProject
Project("{FAE04EC0-301F-11D3-BF4B-00C04F79EFBC}") = "Unity.CollabProxy.Editor", "Unity.CollabProxy.Editor.csproj", "{42197A7B-4077-2B31-9D8D-F11C0469B2F9}"
EndProject
Project("{FAE04EC0-301F-11D3-BF4B-00C04F79EFBC}") = "PsdPlugin", "PsdPlugin.csproj", "{0231A87B-67EA-BCF1-7143-AD4506A882F2}"
EndProject
Project("{FAE04EC0-301F-11D3-BF4B-00C04F79EFBC}") = "Unity.2D.Path.Editor", "Unity.2D.Path.Editor.csproj", "{B39FE134-7A64-B37A-5679-C7A6586C251A}"
EndProject
Project("{FAE04EC0-301F-11D3-BF4B-00C04F79EFBC}") = "Unity.Rider.Editor", "Unity.Rider.Editor.csproj", "{D6E787D1-5B58-4E76-E50D-02BBE500FC75}"
EndProject
Project("{FAE04EC0-301F-11D3-BF4B-00C04F79EFBC}") = "Unity.2D.IK.Editor", "Unity.2D.IK.Editor.csproj", "{1E3AF29A-2286-742E-720D-D34F49642A53}"
EndProject
Project("{FAE04EC0-301F-11D3-BF4B-00C04F79EFBC}") = "Unity.2D.Sprite.Editor", "Unity.2D.Sprite.Editor.csproj", "{F344BB46-32E5-9AA2-0F6B-8C8BBF4A02FA}"
EndProject
Project("{FAE04EC0-301F-11D3-BF4B-00C04F79EFBC}") = "Unity.2D.Tilemap.Editor", "Unity.2D.Tilemap.Editor.csproj", "{FDE17FCA-6379-75B9-0E0A-071A92570F93}"
EndProject
Project("{FAE04EC0-301F-11D3-BF4B-00C04F79EFBC}") = "Unity.2D.PixelPerfect.Editor", "Unity.2D.PixelPerfect.Editor.csproj", "{4801E6C7-F1C3-2648-48E0-E8C5E7E7A499}"
EndProject
Project("{FAE04EC0-301F-11D3-BF4B-00C04F79EFBC}") = "Unity.VSCode.Editor", "Unity.VSCode.Editor.csproj", "{C1FD331D-26F3-D18A-2389-7A45F5933005}"
EndProject
Project("{FAE04EC0-301F-11D3-BF4B-00C04F79EFBC}") = "Unity.2D.Common.Editor", "Unity.2D.Common.Editor.csproj", "{81C2DF53-60B9-1980-C3EE-69F410BC76B1}"
EndProject
Project("{FAE04EC0-301F-11D3-BF4B-00C04F79EFBC}") = "Unity.Mathematics.Editor", "Unity.Mathematics.Editor.csproj", "{1EF9E9A3-342C-265B-B1BF-C893BDA515BB}"
EndProject
Project("{FAE04EC0-301F-11D3-BF4B-00C04F79EFBC}") = "Unity.InternalAPIEditorBridge.001", "Unity.InternalAPIEditorBridge.001.csproj", "{EA646AA8-6603-29C7-8AD9-9FCF45C33D57}"
EndProject
Project("{FAE04EC0-301F-11D3-BF4B-00C04F79EFBC}") = "UnityEngine.TestRunner", "UnityEngine.TestRunner.Player.csproj", "{9594C7C6-AC59-EF45-26BD-90B0B8F2BD19}"
EndProject
Project("{FAE04EC0-301F-11D3-BF4B-00C04F79EFBC}") = "Unity.Mathematics", "Unity.Mathematics.Player.csproj", "{650CDB47-35C8-8003-0A7E-4C06B4B1DEC9}"
EndProject
Project("{FAE04EC0-301F-11D3-BF4B-00C04F79EFBC}") = "Unity.Timeline", "Unity.Timeline.Player.csproj", "{A876B237-D959-2AC7-1851-F238B3533527}"
EndProject
Project("{FAE04EC0-301F-11D3-BF4B-00C04F79EFBC}") = "UnityEngine.UI", "UnityEngine.UI.Player.csproj", "{EBF8AF31-7EE6-D8B3-7ADA-CC4571E685F9}"
EndProject
Project("{FAE04EC0-301F-11D3-BF4B-00C04F79EFBC}") = "Assembly-CSharp", "Assembly-CSharp.Player.csproj", "{A4B6089A-E10E-572B-18D7-A922D08A0812}"
EndProject
Project("{FAE04EC0-301F-11D3-BF4B-00C04F79EFBC}") = "Unity.TextMeshPro", "Unity.TextMeshPro.Player.csproj", "{84F50FE6-EAAD-D5B6-A5E1-64D5BDAF2F56}"
EndProject
Project("{FAE04EC0-301F-11D3-BF4B-00C04F79EFBC}") = "Unity.2D.Animation.Runtime", "Unity.2D.Animation.Runtime.Player.csproj", "{1634BFD7-A76C-0BF1-EDC4-FF8C2A75CCBD}"
EndProject
Project("{FAE04EC0-301F-11D3-BF4B-00C04F79EFBC}") = "Unity.2D.IK.Runtime", "Unity.2D.IK.Runtime.Player.csproj", "{1AA67C37-0EF0-E881-A1CF-D7FB82A275D8}"
EndProject
Project("{FAE04EC0-301F-11D3-BF4B-00C04F79EFBC}") = "Unity.2D.SpriteShape.Runtime", "Unity.2D.SpriteShape.Runtime.Player.csproj", "{E943E97F-863B-2C89-1C43-9B7EEF43C819}"
EndProject
Project("{FAE04EC0-301F-11D3-BF4B-00C04F79EFBC}") = "Unity.2D.PixelPerfect", "Unity.2D.PixelPerfect.Player.csproj", "{74A644F4-882F-4926-F175-288C5EADF159}"
EndProject
Project("{FAE04EC0-301F-11D3-BF4B-00C04F79EFBC}") = "Unity.2D.Common.Runtime", "Unity.2D.Common.Runtime.Player.csproj", "{57202C23-0E14-A24D-6A7B-C7168CFD0900}"
EndProject
Project("{FAE04EC0-301F-11D3-BF4B-00C04F79EFBC}") = "Unity.InternalAPIEngineBridge.001", "Unity.InternalAPIEngineBridge.001.Player.csproj", "{99F8D3EF-322C-9B17-2092-EB33393FBBB1}"
EndProject
Global
	GlobalSection(SolutionConfigurationPlatforms) = preSolution
		Debug|Any CPU = Debug|Any CPU
		Release|Any CPU = Release|Any CPU
	EndGlobalSection
	GlobalSection(ProjectConfigurationPlatforms) = postSolution
		{BDEE7881-ABF6-634D-AA26-DF438019E575}.Debug|Any CPU.ActiveCfg = Debug|Any CPU
		{BDEE7881-ABF6-634D-AA26-DF438019E575}.Debug|Any CPU.Build.0 = Debug|Any CPU
		{BDEE7881-ABF6-634D-AA26-DF438019E575}.Release|Any CPU.ActiveCfg = Release|Any CPU
		{BDEE7881-ABF6-634D-AA26-DF438019E575}.Release|Any CPU.Build.0 = Release|Any CPU
		{89E2AE7A-ED80-0791-6129-F83F6580DD31}.Debug|Any CPU.ActiveCfg = Debug|Any CPU
		{89E2AE7A-ED80-0791-6129-F83F6580DD31}.Debug|Any CPU.Build.0 = Debug|Any CPU
		{89E2AE7A-ED80-0791-6129-F83F6580DD31}.Release|Any CPU.ActiveCfg = Release|Any CPU
		{89E2AE7A-ED80-0791-6129-F83F6580DD31}.Release|Any CPU.Build.0 = Release|Any CPU
		{18DB3F53-8669-E144-4B82-C0B605EBD8A2}.Debug|Any CPU.ActiveCfg = Debug|Any CPU
		{18DB3F53-8669-E144-4B82-C0B605EBD8A2}.Debug|Any CPU.Build.0 = Debug|Any CPU
		{18DB3F53-8669-E144-4B82-C0B605EBD8A2}.Release|Any CPU.ActiveCfg = Release|Any CPU
		{18DB3F53-8669-E144-4B82-C0B605EBD8A2}.Release|Any CPU.Build.0 = Release|Any CPU
		{07B77C35-F876-33AA-E0FC-A6814FC2F21E}.Debug|Any CPU.ActiveCfg = Debug|Any CPU
		{07B77C35-F876-33AA-E0FC-A6814FC2F21E}.Debug|Any CPU.Build.0 = Debug|Any CPU
		{07B77C35-F876-33AA-E0FC-A6814FC2F21E}.Release|Any CPU.ActiveCfg = Release|Any CPU
		{07B77C35-F876-33AA-E0FC-A6814FC2F21E}.Release|Any CPU.Build.0 = Release|Any CPU
		{61A410D0-7BDE-D720-422E-1DA143D60BA5}.Debug|Any CPU.ActiveCfg = Debug|Any CPU
		{61A410D0-7BDE-D720-422E-1DA143D60BA5}.Debug|Any CPU.Build.0 = Debug|Any CPU
		{61A410D0-7BDE-D720-422E-1DA143D60BA5}.Release|Any CPU.ActiveCfg = Release|Any CPU
		{61A410D0-7BDE-D720-422E-1DA143D60BA5}.Release|Any CPU.Build.0 = Release|Any CPU
		{4012BAC1-9942-B76C-1A9E-7365F1F0F000}.Debug|Any CPU.ActiveCfg = Debug|Any CPU
		{4012BAC1-9942-B76C-1A9E-7365F1F0F000}.Debug|Any CPU.Build.0 = Debug|Any CPU
		{4012BAC1-9942-B76C-1A9E-7365F1F0F000}.Release|Any CPU.ActiveCfg = Release|Any CPU
		{4012BAC1-9942-B76C-1A9E-7365F1F0F000}.Release|Any CPU.Build.0 = Release|Any CPU
		{E356C740-5E92-2677-3D43-BBCD39BFFB45}.Debug|Any CPU.ActiveCfg = Debug|Any CPU
		{E356C740-5E92-2677-3D43-BBCD39BFFB45}.Debug|Any CPU.Build.0 = Debug|Any CPU
		{E356C740-5E92-2677-3D43-BBCD39BFFB45}.Release|Any CPU.ActiveCfg = Release|Any CPU
		{E356C740-5E92-2677-3D43-BBCD39BFFB45}.Release|Any CPU.Build.0 = Release|Any CPU
		{BC9C3ED7-420D-F421-010D-72BEB8123DE8}.Debug|Any CPU.ActiveCfg = Debug|Any CPU
		{BC9C3ED7-420D-F421-010D-72BEB8123DE8}.Debug|Any CPU.Build.0 = Debug|Any CPU
		{BC9C3ED7-420D-F421-010D-72BEB8123DE8}.Release|Any CPU.ActiveCfg = Release|Any CPU
		{BC9C3ED7-420D-F421-010D-72BEB8123DE8}.Release|Any CPU.Build.0 = Release|Any CPU
		{3887468E-667B-D25D-664B-5C462385AFC2}.Debug|Any CPU.ActiveCfg = Debug|Any CPU
		{3887468E-667B-D25D-664B-5C462385AFC2}.Debug|Any CPU.Build.0 = Debug|Any CPU
		{3887468E-667B-D25D-664B-5C462385AFC2}.Release|Any CPU.ActiveCfg = Release|Any CPU
		{3887468E-667B-D25D-664B-5C462385AFC2}.Release|Any CPU.Build.0 = Release|Any CPU
		{C5DF7AA2-A3FB-981C-C506-526C02052208}.Debug|Any CPU.ActiveCfg = Debug|Any CPU
		{C5DF7AA2-A3FB-981C-C506-526C02052208}.Debug|Any CPU.Build.0 = Debug|Any CPU
		{C5DF7AA2-A3FB-981C-C506-526C02052208}.Release|Any CPU.ActiveCfg = Release|Any CPU
		{C5DF7AA2-A3FB-981C-C506-526C02052208}.Release|Any CPU.Build.0 = Release|Any CPU
		{E5C2AE25-464D-D526-CA29-49C405D140CB}.Debug|Any CPU.ActiveCfg = Debug|Any CPU
		{E5C2AE25-464D-D526-CA29-49C405D140CB}.Debug|Any CPU.Build.0 = Debug|Any CPU
		{E5C2AE25-464D-D526-CA29-49C405D140CB}.Release|Any CPU.ActiveCfg = Release|Any CPU
		{E5C2AE25-464D-D526-CA29-49C405D140CB}.Release|Any CPU.Build.0 = Release|Any CPU
		{14B6C331-B77E-1340-6B96-25A622C0FD45}.Debug|Any CPU.ActiveCfg = Debug|Any CPU
		{14B6C331-B77E-1340-6B96-25A622C0FD45}.Debug|Any CPU.Build.0 = Debug|Any CPU
		{14B6C331-B77E-1340-6B96-25A622C0FD45}.Release|Any CPU.ActiveCfg = Release|Any CPU
		{14B6C331-B77E-1340-6B96-25A622C0FD45}.Release|Any CPU.Build.0 = Release|Any CPU
		{D56B0959-D0AD-7BFB-7D9F-E300349406DC}.Debug|Any CPU.ActiveCfg = Debug|Any CPU
		{D56B0959-D0AD-7BFB-7D9F-E300349406DC}.Debug|Any CPU.Build.0 = Debug|Any CPU
		{D56B0959-D0AD-7BFB-7D9F-E300349406DC}.Release|Any CPU.ActiveCfg = Release|Any CPU
		{D56B0959-D0AD-7BFB-7D9F-E300349406DC}.Release|Any CPU.Build.0 = Release|Any CPU
		{365F98F8-E206-D70C-EA04-4996662F7F8E}.Debug|Any CPU.ActiveCfg = Debug|Any CPU
		{365F98F8-E206-D70C-EA04-4996662F7F8E}.Debug|Any CPU.Build.0 = Debug|Any CPU
		{365F98F8-E206-D70C-EA04-4996662F7F8E}.Release|Any CPU.ActiveCfg = Release|Any CPU
		{365F98F8-E206-D70C-EA04-4996662F7F8E}.Release|Any CPU.Build.0 = Release|Any CPU
		{E64E3F92-4E4B-F743-35E7-7A6ABDF5A4F6}.Debug|Any CPU.ActiveCfg = Debug|Any CPU
		{E64E3F92-4E4B-F743-35E7-7A6ABDF5A4F6}.Debug|Any CPU.Build.0 = Debug|Any CPU
		{E64E3F92-4E4B-F743-35E7-7A6ABDF5A4F6}.Release|Any CPU.ActiveCfg = Release|Any CPU
		{E64E3F92-4E4B-F743-35E7-7A6ABDF5A4F6}.Release|Any CPU.Build.0 = Release|Any CPU
		{EC36437D-5257-4B85-B9B9-C1CB1FF0E7A5}.Debug|Any CPU.ActiveCfg = Debug|Any CPU
		{EC36437D-5257-4B85-B9B9-C1CB1FF0E7A5}.Debug|Any CPU.Build.0 = Debug|Any CPU
		{EC36437D-5257-4B85-B9B9-C1CB1FF0E7A5}.Release|Any CPU.ActiveCfg = Release|Any CPU
		{EC36437D-5257-4B85-B9B9-C1CB1FF0E7A5}.Release|Any CPU.Build.0 = Release|Any CPU
		{73BCB1FE-3E7C-FA28-75CE-A44D2014F4DA}.Debug|Any CPU.ActiveCfg = Debug|Any CPU
		{73BCB1FE-3E7C-FA28-75CE-A44D2014F4DA}.Debug|Any CPU.Build.0 = Debug|Any CPU
		{73BCB1FE-3E7C-FA28-75CE-A44D2014F4DA}.Release|Any CPU.ActiveCfg = Release|Any CPU
		{73BCB1FE-3E7C-FA28-75CE-A44D2014F4DA}.Release|Any CPU.Build.0 = Release|Any CPU
		{A3F76743-2BA8-CB22-175E-3124208EFE7E}.Debug|Any CPU.ActiveCfg = Debug|Any CPU
		{A3F76743-2BA8-CB22-175E-3124208EFE7E}.Debug|Any CPU.Build.0 = Debug|Any CPU
		{A3F76743-2BA8-CB22-175E-3124208EFE7E}.Release|Any CPU.ActiveCfg = Release|Any CPU
		{A3F76743-2BA8-CB22-175E-3124208EFE7E}.Release|Any CPU.Build.0 = Release|Any CPU
		{0502E42E-DEA2-7D2B-56C2-7589CDDD3618}.Debug|Any CPU.ActiveCfg = Debug|Any CPU
		{0502E42E-DEA2-7D2B-56C2-7589CDDD3618}.Debug|Any CPU.Build.0 = Debug|Any CPU
		{0502E42E-DEA2-7D2B-56C2-7589CDDD3618}.Release|Any CPU.ActiveCfg = Release|Any CPU
		{0502E42E-DEA2-7D2B-56C2-7589CDDD3618}.Release|Any CPU.Build.0 = Release|Any CPU
		{6B04FB8F-75B5-F3DE-261B-47132B9D8DF9}.Debug|Any CPU.ActiveCfg = Debug|Any CPU
		{6B04FB8F-75B5-F3DE-261B-47132B9D8DF9}.Debug|Any CPU.Build.0 = Debug|Any CPU
		{6B04FB8F-75B5-F3DE-261B-47132B9D8DF9}.Release|Any CPU.ActiveCfg = Release|Any CPU
		{6B04FB8F-75B5-F3DE-261B-47132B9D8DF9}.Release|Any CPU.Build.0 = Release|Any CPU
		{E7DD1525-38FF-93A0-5E32-6711EF63CDDC}.Debug|Any CPU.ActiveCfg = Debug|Any CPU
		{E7DD1525-38FF-93A0-5E32-6711EF63CDDC}.Debug|Any CPU.Build.0 = Debug|Any CPU
		{E7DD1525-38FF-93A0-5E32-6711EF63CDDC}.Release|Any CPU.ActiveCfg = Release|Any CPU
		{E7DD1525-38FF-93A0-5E32-6711EF63CDDC}.Release|Any CPU.Build.0 = Release|Any CPU
		{D9359801-6AF4-2E70-76A2-F2FB92054D54}.Debug|Any CPU.ActiveCfg = Debug|Any CPU
		{D9359801-6AF4-2E70-76A2-F2FB92054D54}.Debug|Any CPU.Build.0 = Debug|Any CPU
		{D9359801-6AF4-2E70-76A2-F2FB92054D54}.Release|Any CPU.ActiveCfg = Release|Any CPU
		{D9359801-6AF4-2E70-76A2-F2FB92054D54}.Release|Any CPU.Build.0 = Release|Any CPU
		{F8E1B9A4-868F-6FAD-959C-139AB299C0B2}.Debug|Any CPU.ActiveCfg = Debug|Any CPU
		{F8E1B9A4-868F-6FAD-959C-139AB299C0B2}.Debug|Any CPU.Build.0 = Debug|Any CPU
		{F8E1B9A4-868F-6FAD-959C-139AB299C0B2}.Release|Any CPU.ActiveCfg = Release|Any CPU
		{F8E1B9A4-868F-6FAD-959C-139AB299C0B2}.Release|Any CPU.Build.0 = Release|Any CPU
		{42197A7B-4077-2B31-9D8D-F11C0469B2F9}.Debug|Any CPU.ActiveCfg = Debug|Any CPU
		{42197A7B-4077-2B31-9D8D-F11C0469B2F9}.Debug|Any CPU.Build.0 = Debug|Any CPU
		{42197A7B-4077-2B31-9D8D-F11C0469B2F9}.Release|Any CPU.ActiveCfg = Release|Any CPU
		{42197A7B-4077-2B31-9D8D-F11C0469B2F9}.Release|Any CPU.Build.0 = Release|Any CPU
		{0231A87B-67EA-BCF1-7143-AD4506A882F2}.Debug|Any CPU.ActiveCfg = Debug|Any CPU
		{0231A87B-67EA-BCF1-7143-AD4506A882F2}.Debug|Any CPU.Build.0 = Debug|Any CPU
		{0231A87B-67EA-BCF1-7143-AD4506A882F2}.Release|Any CPU.ActiveCfg = Release|Any CPU
		{0231A87B-67EA-BCF1-7143-AD4506A882F2}.Release|Any CPU.Build.0 = Release|Any CPU
		{B39FE134-7A64-B37A-5679-C7A6586C251A}.Debug|Any CPU.ActiveCfg = Debug|Any CPU
		{B39FE134-7A64-B37A-5679-C7A6586C251A}.Debug|Any CPU.Build.0 = Debug|Any CPU
		{B39FE134-7A64-B37A-5679-C7A6586C251A}.Release|Any CPU.ActiveCfg = Release|Any CPU
		{B39FE134-7A64-B37A-5679-C7A6586C251A}.Release|Any CPU.Build.0 = Release|Any CPU
		{D6E787D1-5B58-4E76-E50D-02BBE500FC75}.Debug|Any CPU.ActiveCfg = Debug|Any CPU
		{D6E787D1-5B58-4E76-E50D-02BBE500FC75}.Debug|Any CPU.Build.0 = Debug|Any CPU
		{D6E787D1-5B58-4E76-E50D-02BBE500FC75}.Release|Any CPU.ActiveCfg = Release|Any CPU
		{D6E787D1-5B58-4E76-E50D-02BBE500FC75}.Release|Any CPU.Build.0 = Release|Any CPU
		{1E3AF29A-2286-742E-720D-D34F49642A53}.Debug|Any CPU.ActiveCfg = Debug|Any CPU
		{1E3AF29A-2286-742E-720D-D34F49642A53}.Debug|Any CPU.Build.0 = Debug|Any CPU
		{1E3AF29A-2286-742E-720D-D34F49642A53}.Release|Any CPU.ActiveCfg = Release|Any CPU
		{1E3AF29A-2286-742E-720D-D34F49642A53}.Release|Any CPU.Build.0 = Release|Any CPU
		{F344BB46-32E5-9AA2-0F6B-8C8BBF4A02FA}.Debug|Any CPU.ActiveCfg = Debug|Any CPU
		{F344BB46-32E5-9AA2-0F6B-8C8BBF4A02FA}.Debug|Any CPU.Build.0 = Debug|Any CPU
		{F344BB46-32E5-9AA2-0F6B-8C8BBF4A02FA}.Release|Any CPU.ActiveCfg = Release|Any CPU
		{F344BB46-32E5-9AA2-0F6B-8C8BBF4A02FA}.Release|Any CPU.Build.0 = Release|Any CPU
		{FDE17FCA-6379-75B9-0E0A-071A92570F93}.Debug|Any CPU.ActiveCfg = Debug|Any CPU
		{FDE17FCA-6379-75B9-0E0A-071A92570F93}.Debug|Any CPU.Build.0 = Debug|Any CPU
		{FDE17FCA-6379-75B9-0E0A-071A92570F93}.Release|Any CPU.ActiveCfg = Release|Any CPU
		{FDE17FCA-6379-75B9-0E0A-071A92570F93}.Release|Any CPU.Build.0 = Release|Any CPU
		{4801E6C7-F1C3-2648-48E0-E8C5E7E7A499}.Debug|Any CPU.ActiveCfg = Debug|Any CPU
		{4801E6C7-F1C3-2648-48E0-E8C5E7E7A499}.Debug|Any CPU.Build.0 = Debug|Any CPU
		{4801E6C7-F1C3-2648-48E0-E8C5E7E7A499}.Release|Any CPU.ActiveCfg = Release|Any CPU
		{4801E6C7-F1C3-2648-48E0-E8C5E7E7A499}.Release|Any CPU.Build.0 = Release|Any CPU
		{C1FD331D-26F3-D18A-2389-7A45F5933005}.Debug|Any CPU.ActiveCfg = Debug|Any CPU
		{C1FD331D-26F3-D18A-2389-7A45F5933005}.Debug|Any CPU.Build.0 = Debug|Any CPU
		{C1FD331D-26F3-D18A-2389-7A45F5933005}.Release|Any CPU.ActiveCfg = Release|Any CPU
		{C1FD331D-26F3-D18A-2389-7A45F5933005}.Release|Any CPU.Build.0 = Release|Any CPU
		{81C2DF53-60B9-1980-C3EE-69F410BC76B1}.Debug|Any CPU.ActiveCfg = Debug|Any CPU
		{81C2DF53-60B9-1980-C3EE-69F410BC76B1}.Debug|Any CPU.Build.0 = Debug|Any CPU
		{81C2DF53-60B9-1980-C3EE-69F410BC76B1}.Release|Any CPU.ActiveCfg = Release|Any CPU
		{81C2DF53-60B9-1980-C3EE-69F410BC76B1}.Release|Any CPU.Build.0 = Release|Any CPU
		{1EF9E9A3-342C-265B-B1BF-C893BDA515BB}.Debug|Any CPU.ActiveCfg = Debug|Any CPU
		{1EF9E9A3-342C-265B-B1BF-C893BDA515BB}.Debug|Any CPU.Build.0 = Debug|Any CPU
		{1EF9E9A3-342C-265B-B1BF-C893BDA515BB}.Release|Any CPU.ActiveCfg = Release|Any CPU
		{1EF9E9A3-342C-265B-B1BF-C893BDA515BB}.Release|Any CPU.Build.0 = Release|Any CPU
		{EA646AA8-6603-29C7-8AD9-9FCF45C33D57}.Debug|Any CPU.ActiveCfg = Debug|Any CPU
		{EA646AA8-6603-29C7-8AD9-9FCF45C33D57}.Debug|Any CPU.Build.0 = Debug|Any CPU
		{EA646AA8-6603-29C7-8AD9-9FCF45C33D57}.Release|Any CPU.ActiveCfg = Release|Any CPU
		{EA646AA8-6603-29C7-8AD9-9FCF45C33D57}.Release|Any CPU.Build.0 = Release|Any CPU
		{9594C7C6-AC59-EF45-26BD-90B0B8F2BD19}.Debug|Any CPU.ActiveCfg = Debug|Any CPU
		{9594C7C6-AC59-EF45-26BD-90B0B8F2BD19}.Debug|Any CPU.Build.0 = Debug|Any CPU
		{9594C7C6-AC59-EF45-26BD-90B0B8F2BD19}.Release|Any CPU.ActiveCfg = Release|Any CPU
		{9594C7C6-AC59-EF45-26BD-90B0B8F2BD19}.Release|Any CPU.Build.0 = Release|Any CPU
		{650CDB47-35C8-8003-0A7E-4C06B4B1DEC9}.Debug|Any CPU.ActiveCfg = Debug|Any CPU
		{650CDB47-35C8-8003-0A7E-4C06B4B1DEC9}.Debug|Any CPU.Build.0 = Debug|Any CPU
		{650CDB47-35C8-8003-0A7E-4C06B4B1DEC9}.Release|Any CPU.ActiveCfg = Release|Any CPU
		{650CDB47-35C8-8003-0A7E-4C06B4B1DEC9}.Release|Any CPU.Build.0 = Release|Any CPU
		{A876B237-D959-2AC7-1851-F238B3533527}.Debug|Any CPU.ActiveCfg = Debug|Any CPU
		{A876B237-D959-2AC7-1851-F238B3533527}.Debug|Any CPU.Build.0 = Debug|Any CPU
		{A876B237-D959-2AC7-1851-F238B3533527}.Release|Any CPU.ActiveCfg = Release|Any CPU
		{A876B237-D959-2AC7-1851-F238B3533527}.Release|Any CPU.Build.0 = Release|Any CPU
		{EBF8AF31-7EE6-D8B3-7ADA-CC4571E685F9}.Debug|Any CPU.ActiveCfg = Debug|Any CPU
		{EBF8AF31-7EE6-D8B3-7ADA-CC4571E685F9}.Debug|Any CPU.Build.0 = Debug|Any CPU
		{EBF8AF31-7EE6-D8B3-7ADA-CC4571E685F9}.Release|Any CPU.ActiveCfg = Release|Any CPU
		{EBF8AF31-7EE6-D8B3-7ADA-CC4571E685F9}.Release|Any CPU.Build.0 = Release|Any CPU
		{A4B6089A-E10E-572B-18D7-A922D08A0812}.Debug|Any CPU.ActiveCfg = Debug|Any CPU
		{A4B6089A-E10E-572B-18D7-A922D08A0812}.Debug|Any CPU.Build.0 = Debug|Any CPU
		{A4B6089A-E10E-572B-18D7-A922D08A0812}.Release|Any CPU.ActiveCfg = Release|Any CPU
		{A4B6089A-E10E-572B-18D7-A922D08A0812}.Release|Any CPU.Build.0 = Release|Any CPU
		{84F50FE6-EAAD-D5B6-A5E1-64D5BDAF2F56}.Debug|Any CPU.ActiveCfg = Debug|Any CPU
		{84F50FE6-EAAD-D5B6-A5E1-64D5BDAF2F56}.Debug|Any CPU.Build.0 = Debug|Any CPU
		{84F50FE6-EAAD-D5B6-A5E1-64D5BDAF2F56}.Release|Any CPU.ActiveCfg = Release|Any CPU
		{84F50FE6-EAAD-D5B6-A5E1-64D5BDAF2F56}.Release|Any CPU.Build.0 = Release|Any CPU
		{1634BFD7-A76C-0BF1-EDC4-FF8C2A75CCBD}.Debug|Any CPU.ActiveCfg = Debug|Any CPU
		{1634BFD7-A76C-0BF1-EDC4-FF8C2A75CCBD}.Debug|Any CPU.Build.0 = Debug|Any CPU
		{1634BFD7-A76C-0BF1-EDC4-FF8C2A75CCBD}.Release|Any CPU.ActiveCfg = Release|Any CPU
		{1634BFD7-A76C-0BF1-EDC4-FF8C2A75CCBD}.Release|Any CPU.Build.0 = Release|Any CPU
		{1AA67C37-0EF0-E881-A1CF-D7FB82A275D8}.Debug|Any CPU.ActiveCfg = Debug|Any CPU
		{1AA67C37-0EF0-E881-A1CF-D7FB82A275D8}.Debug|Any CPU.Build.0 = Debug|Any CPU
		{1AA67C37-0EF0-E881-A1CF-D7FB82A275D8}.Release|Any CPU.ActiveCfg = Release|Any CPU
		{1AA67C37-0EF0-E881-A1CF-D7FB82A275D8}.Release|Any CPU.Build.0 = Release|Any CPU
		{E943E97F-863B-2C89-1C43-9B7EEF43C819}.Debug|Any CPU.ActiveCfg = Debug|Any CPU
		{E943E97F-863B-2C89-1C43-9B7EEF43C819}.Debug|Any CPU.Build.0 = Debug|Any CPU
		{E943E97F-863B-2C89-1C43-9B7EEF43C819}.Release|Any CPU.ActiveCfg = Release|Any CPU
		{E943E97F-863B-2C89-1C43-9B7EEF43C819}.Release|Any CPU.Build.0 = Release|Any CPU
		{74A644F4-882F-4926-F175-288C5EADF159}.Debug|Any CPU.ActiveCfg = Debug|Any CPU
		{74A644F4-882F-4926-F175-288C5EADF159}.Debug|Any CPU.Build.0 = Debug|Any CPU
		{74A644F4-882F-4926-F175-288C5EADF159}.Release|Any CPU.ActiveCfg = Release|Any CPU
		{74A644F4-882F-4926-F175-288C5EADF159}.Release|Any CPU.Build.0 = Release|Any CPU
		{57202C23-0E14-A24D-6A7B-C7168CFD0900}.Debug|Any CPU.ActiveCfg = Debug|Any CPU
		{57202C23-0E14-A24D-6A7B-C7168CFD0900}.Debug|Any CPU.Build.0 = Debug|Any CPU
		{57202C23-0E14-A24D-6A7B-C7168CFD0900}.Release|Any CPU.ActiveCfg = Release|Any CPU
		{57202C23-0E14-A24D-6A7B-C7168CFD0900}.Release|Any CPU.Build.0 = Release|Any CPU
		{99F8D3EF-322C-9B17-2092-EB33393FBBB1}.Debug|Any CPU.ActiveCfg = Debug|Any CPU
		{99F8D3EF-322C-9B17-2092-EB33393FBBB1}.Debug|Any CPU.Build.0 = Debug|Any CPU
		{99F8D3EF-322C-9B17-2092-EB33393FBBB1}.Release|Any CPU.ActiveCfg = Release|Any CPU
		{99F8D3EF-322C-9B17-2092-EB33393FBBB1}.Release|Any CPU.Build.0 = Release|Any CPU
	EndGlobalSection
	GlobalSection(SolutionProperties) = preSolution
		HideSolutionNode = FALSE
	EndGlobalSection
EndGlobal
